{
  "version": "3",
  "remote": {
    "https://esm.sh/preact@10.19.6": "281b115a9b79918c6b73382b4e818d6f9e48db9064b7fd4f75a45a4edee54145",
    "https://esm.sh/preact@10.19.6/jsx-runtime": "f4c9e5f72ef18435eab846ae02e315a63da724f64fb08d806d2ddeaf08d99bd8",
    "https://esm.sh/stable/preact@10.19.6/denonext/jsx-runtime.js": "97e9eeb40443de53a8cb3b70f264d04db2bbfc5c2298fdb15d1c471283ccd6aa",
    "https://esm.sh/stable/preact@10.19.6/denonext/jsx-runtime/src.js": "8e561630489933f0410f3cecca9ac98cb2c2dd6e8ec0d53cae535564df67258a",
    "https://esm.sh/stable/preact@10.19.6/denonext/preact.mjs": "68491395d287895f4d697e403ded5b0ebb8fed0494f9e870c422bc017e5e52f5",
    "https://esm.sh/stable/preact@10.19.6/denonext/src.js": "d9bdddf125df0aa46055e8385cbc0bd4d978fb90b1254aadaedd14ff039081ff",
    "https://esm.sh/v128/preact@10.19.6/jsx-runtime/src/index.js": "49e1c35c15e00dccb8ce64f2cdfb32bea030b50675abb975df317685360b978c",
    "https://esm.sh/v128/preact@10.19.6/src/index.js": "af3df2e29418f2ea80e68c4e10ebd0ca5e7daadbd840fe70529353c71484e72f"
  }
}
